// !$*UTF8*$!
{
	archiveVersion = 1;
	classes = {
	};
	objectVersion = 51;
	objects = {

/* Begin PBXBuildFile section */
		713F48372698466B00028EDB /* AppDelegate.m in Sources */ = {isa = PBXBuildFile; fileRef = 713F48362698466B00028EDB /* AppDelegate.m */; };
		713F483A2698466B00028EDB /* SceneDelegate.m in Sources */ = {isa = PBXBuildFile; fileRef = 713F48392698466B00028EDB /* SceneDelegate.m */; };
		713F483D2698466B00028EDB /* ViewController.m in Sources */ = {isa = PBXBuildFile; fileRef = 713F483C2698466B00028EDB /* ViewController.m */; };
		713F48402698466B00028EDB /* Main.storyboard in Resources */ = {isa = PBXBuildFile; fileRef = 713F483E2698466B00028EDB /* Main.storyboard */; };
		713F48422698466D00028EDB /* Assets.xcassets in Resources */ = {isa = PBXBuildFile; fileRef = 713F48412698466D00028EDB /* Assets.xcassets */; };
		713F48452698466D00028EDB /* LaunchScreen.storyboard in Resources */ = {isa = PBXBuildFile; fileRef = 713F48432698466D00028EDB /* LaunchScreen.storyboard */; };
		713F48482698466D00028EDB /* main.m in Sources */ = {isa = PBXBuildFile; fileRef = 713F48472698466D00028EDB /* main.m */; };
		87C58B6C116A1734FB74E9D4 /* Pods_OCSegmentSlider.framework in Frameworks */ = {isa = PBXBuildFile; fileRef = F8FE3146F99503819DE138B3 /* Pods_OCSegmentSlider.framework */; };
/* End PBXBuildFile section */

/* Begin PBXFileReference section */
		4D68C4814052D36108A35C38 /* Pods-OCSegmentSlider.debug.xcconfig */ = {isa = PBXFileReference; includeInIndex = 1; lastKnownFileType = text.xcconfig; name = "Pods-OCSegmentSlider.debug.xcconfig"; path = "Target Support Files/Pods-OCSegmentSlider/Pods-OCSegmentSlider.debug.xcconfig"; sourceTree = "<group>"; };
		713F48322698466B00028EDB /* OCSegmentSlider.app */ = {isa = PBXFileReference; explicitFileType = wrapper.application; includeInIndex = 0; path = OCSegmentSlider.app; sourceTree = BUILT_PRODUCTS_DIR; };
		713F48352698466B00028EDB /* AppDelegate.h */ = {isa = PBXFileReference; lastKnownFileType = sourcecode.c.h; path = AppDelegate.h; sourceTree = "<group>"; };
		713F48362698466B00028EDB /* AppDelegate.m */ = {isa = PBXFileReference; lastKnownFileType = sourcecode.c.objc; path = AppDelegate.m; sourceTree = "<group>"; };
		713F48382698466B00028EDB /* SceneDelegate.h */ = {isa = PBXFileReference; lastKnownFileType = sourcecode.c.h; path = SceneDelegate.h; sourceTree = "<group>"; };
		713F48392698466B00028EDB /* SceneDelegate.m */ = {isa = PBXFileReference; lastKnownFileType = sourcecode.c.objc; path = SceneDelegate.m; sourceTree = "<group>"; };
		713F483B2698466B00028EDB /* ViewController.h */ = {isa = PBXFileReference; lastKnownFileType = sourcecode.c.h; path = ViewController.h; sourceTree = "<group>"; };
		713F483C2698466B00028EDB /* ViewController.m */ = {isa = PBXFileReference; lastKnownFileType = sourcecode.c.objc; path = ViewController.m; sourceTree = "<group>"; };
		713F483F2698466B00028EDB /* Base */ = {isa = PBXFileReference; lastKnownFileType = file.storyboard; name = Base; path = Base.lproj/Main.storyboard; sourceTree = "<group>"; };
		713F48412698466D00028EDB /* Assets.xcassets */ = {isa = PBXFileReference; lastKnownFileType = folder.assetcatalog; path = Assets.xcassets; sourceTree = "<group>"; };
		713F48442698466D00028EDB /* Base */ = {isa = PBXFileReference; lastKnownFileType = file.storyboard; name = Base; path = Base.lproj/LaunchScreen.storyboard; sourceTree = "<group>"; };
		713F48462698466D00028EDB /* Info.plist */ = {isa = PBXFileReference; lastKnownFileType = text.plist.xml; path = Info.plist; sourceTree = "<group>"; };
		713F48472698466D00028EDB /* main.m */ = {isa = PBXFileReference; lastKnownFileType = sourcecode.c.objc; path = main.m; sourceTree = "<group>"; };
		831BF8883AA82AF7E8A6BA36 /* Pods-OCSegmentSlider.release.xcconfig */ = {isa = PBXFileReference; includeInIndex = 1; lastKnownFileType = text.xcconfig; name = "Pods-OCSegmentSlider.release.xcconfig"; path = "Target Support Files/Pods-OCSegmentSlider/Pods-OCSegmentSlider.release.xcconfig"; sourceTree = "<group>"; };
		F8FE3146F99503819DE138B3 /* Pods_OCSegmentSlider.framework */ = {isa = PBXFileReference; explicitFileType = wrapper.framework; includeInIndex = 0; path = Pods_OCSegmentSlider.framework; sourceTree = BUILT_PRODUCTS_DIR; };
/* End PBXFileReference section */

/* Begin PBXFrameworksBuildPhase section */
		713F482F2698466B00028EDB /* Frameworks */ = {
			isa = PBXFrameworksBuildPhase;
			buildActionMask = 2147483647;
			files = (
				87C58B6C116A1734FB74E9D4 /* Pods_OCSegmentSlider.framework in Frameworks */,
			);
			runOnlyForDeploymentPostprocessing = 0;
		};
/* End PBXFrameworksBuildPhase section */

/* Begin PBXGroup section */
		515835F5F72B94945CAC5FE1 /* Pods */ = {
			isa = PBXGroup;
			children = (
				4D68C4814052D36108A35C38 /* Pods-OCSegmentSlider.debug.xcconfig */,
				831BF8883AA82AF7E8A6BA36 /* Pods-OCSegmentSlider.release.xcconfig */,
			);
			path = Pods;
			sourceTree = "<group>";
		};
		713F48292698466B00028EDB = {
			isa = PBXGroup;
			children = (
				713F48342698466B00028EDB /* OCSegmentSlider */,
				713F48332698466B00028EDB /* Products */,
				515835F5F72B94945CAC5FE1 /* Pods */,
				DBB93D84F5C686802944E27E /* Frameworks */,
			);
			sourceTree = "<group>";
		};
		713F48332698466B00028EDB /* Products */ = {
			isa = PBXGroup;
			children = (
				713F48322698466B00028EDB /* OCSegmentSlider.app */,
			);
			name = Products;
			sourceTree = "<group>";
		};
		713F48342698466B00028EDB /* OCSegmentSlider */ = {
			isa = PBXGroup;
			children = (
				713F48352698466B00028EDB /* AppDelegate.h */,
				713F48362698466B00028EDB /* AppDelegate.m */,
				713F48382698466B00028EDB /* SceneDelegate.h */,
				713F48392698466B00028EDB /* SceneDelegate.m */,
				713F483B2698466B00028EDB /* ViewController.h */,
				713F483C2698466B00028EDB /* ViewController.m */,
				713F483E2698466B00028EDB /* Main.storyboard */,
				713F48412698466D00028EDB /* Assets.xcassets */,
				713F48432698466D00028EDB /* LaunchScreen.storyboard */,
				713F48462698466D00028EDB /* Info.plist */,
				713F48472698466D00028EDB /* main.m */,
			);
			path = OCSegmentSlider;
			sourceTree = "<group>";
		};
		DBB93D84F5C686802944E27E /* Frameworks */ = {
			isa = PBXGroup;
			children = (
				F8FE3146F99503819DE138B3 /* Pods_OCSegmentSlider.framework */,
			);
			name = Frameworks;
			sourceTree = "<group>";
		};
/* End PBXGroup section */

/* Begin PBXNativeTarget section */
		713F48312698466B00028EDB /* OCSegmentSlider */ = {
			isa = PBXNativeTarget;
			buildConfigurationList = 713F484B2698466D00028EDB /* Build configuration list for PBXNativeTarget "OCSegmentSlider" */;
			buildPhases = (
				59C26B23D531092659DF2492 /* [CP] Check Pods Manifest.lock */,
				713F482E2698466B00028EDB /* Sources */,
				713F482F2698466B00028EDB /* Frameworks */,
				713F48302698466B00028EDB /* Resources */,
				0AC589FB2C53C69B34A677EB /* [CP] Embed Pods Frameworks */,
			);
			buildRules = (
			);
			dependencies = (
			);
			name = OCSegmentSlider;
			productName = OCSegmentSlider;
			productReference = 713F48322698466B00028EDB /* OCSegmentSlider.app */;
			productType = "com.apple.product-type.application";
		};
/* End PBXNativeTarget section */

/* Begin PBXProject section */
		713F482A2698466B00028EDB /* Project object */ = {
			isa = PBXProject;
			attributes = {
				LastUpgradeCheck = 1250;
				TargetAttributes = {
					713F48312698466B00028EDB = {
						CreatedOnToolsVersion = 12.5;
					};
				};
			};
			buildConfigurationList = 713F482D2698466B00028EDB /* Build configuration list for PBXProject "OCSegmentSlider" */;
			compatibilityVersion = "Xcode 9.3";
			developmentRegion = en;
			hasScannedForEncodings = 0;
			knownRegions = (
				en,
				Base,
			);
			mainGroup = 713F48292698466B00028EDB;
			productRefGroup = 713F48332698466B00028EDB /* Products */;
			projectDirPath = "";
			projectRoot = "";
			targets = (
				713F48312698466B00028EDB /* OCSegmentSlider */,
			);
		};
/* End PBXProject section */

/* Begin PBXResourcesBuildPhase section */
		713F48302698466B00028EDB /* Resources */ = {
			isa = PBXResourcesBuildPhase;
			buildActionMask = 2147483647;
			files = (
				713F48452698466D00028EDB /* LaunchScreen.storyboard in Resources */,
				713F48422698466D00028EDB /* Assets.xcassets in Resources */,
				713F48402698466B00028EDB /* Main.storyboard in Resources */,
			);
			runOnlyForDeploymentPostprocessing = 0;
		};
/* End PBXResourcesBuildPhase section */

/* Begin PBXShellScriptBuildPhase section */
		0AC589FB2C53C69B34A677EB /* [CP] Embed Pods Frameworks */ = {
			isa = PBXShellScriptBuildPhase;
			buildActionMask = 2147483647;
			files = (
			);
			inputFileListPaths = (
				"${PODS_ROOT}/Target Support Files/Pods-OCSegmentSlider/Pods-OCSegmentSlider-frameworks-${CONFIGURATION}-input-files.xcfilelist",
			);
			name = "[CP] Embed Pods Frameworks";
			outputFileListPaths = (
				"${PODS_ROOT}/Target Support Files/Pods-OCSegmentSlider/Pods-OCSegmentSlider-frameworks-${CONFIGURATION}-output-files.xcfilelist",
			);
			runOnlyForDeploymentPostprocessing = 0;
			shellPath = /bin/sh;
			shellScript = "\"${PODS_ROOT}/Target Support Files/Pods-OCSegmentSlider/Pods-OCSegmentSlider-frameworks.sh\"\n";
			showEnvVarsInLog = 0;
		};
		59C26B23D531092659DF2492 /* [CP] Check Pods Manifest.lock */ = {
			isa = PBXShellScriptBuildPhase;
			buildActionMask = 2147483647;
			files = (
			);
			inputFileListPaths = (
			);
			inputPaths = (
				"${PODS_PODFILE_DIR_PATH}/Podfile.lock",
				"${PODS_ROOT}/Manifest.lock",
			);
			name = "[CP] Check Pods Manifest.lock";
			outputFileListPaths = (
			);
			outputPaths = (
				"$(DERIVED_FILE_DIR)/Pods-OCSegmentSlider-checkManifestLockResult.txt",
			);
			runOnlyForDeploymentPostprocessing = 0;
			shellPath = /bin/sh;
			shellScript = "diff \"${PODS_PODFILE_DIR_PATH}/Podfile.lock\" \"${PODS_ROOT}/Manifest.lock\" > /dev/null\nif [ $? != 0 ] ; then\n    # print error to STDERR\n    echo \"error: The sandbox is not in sync with the Podfile.lock. Run 'pod install' or update your CocoaPods installation.\" >&2\n    exit 1\nfi\n# This output is used by Xcode 'outputs' to avoid re-running this script phase.\necho \"SUCCESS\" > \"${SCRIPT_OUTPUT_FILE_0}\"\n";
			showEnvVarsInLog = 0;
		};
/* End PBXShellScriptBuildPhase section */

/* Begin PBXSourcesBuildPhase section */
		713F482E2698466B00028EDB /* Sources */ = {
			isa = PBXSourcesBuildPhase;
			buildActionMask = 2147483647;
			files = (
				713F483D2698466B00028EDB /* ViewController.m in Sources */,
				713F48372698466B00028EDB /* AppDelegate.m in Sources */,
				713F48482698466D00028EDB /* main.m in Sources */,
				713F483A2698466B00028EDB /* SceneDelegate.m in Sources */,
			);
			runOnlyForDeploymentPostprocessing = 0;
		};
/* End PBXSourcesBuildPhase section */

/* Begin PBXVariantGroup section */
		713F483E2698466B00028EDB /* Main.storyboard */ = {
			isa = PBXVariantGroup;
			children = (
				713F483F2698466B00028EDB /* Base */,
			);
			name = Main.storyboard;
			sourceTree = "<group>";
		};
		713F48432698466D00028EDB /* LaunchScreen.storyboard */ = {
			isa = PBXVariantGroup;
			children = (
				713F48442698466D00028EDB /* Base */,
			);
			name = LaunchScreen.storyboard;
			sourceTree = "<group>";
		};
/* End PBXVariantGroup section */

/* Begin XCBuildConfiguration section */
		713F48492698466D00028EDB /* Debug */ = {
			isa = XCBuildConfiguration;
			buildSettings = {
				ALWAYS_SEARCH_USER_PATHS = NO;
				CLANG_ANALYZER_NONNULL = YES;
				CLANG_ANALYZER_NUMBER_OBJECT_CONVERSION = YES_AGGRESSIVE;
				CLANG_CXX_LANGUAGE_STANDARD = "gnu++14";
				CLANG_CXX_LIBRARY = "libc++";
				CLANG_ENABLE_MODULES = YES;
				CLANG_ENABLE_OBJC_ARC = YES;
				CLANG_ENABLE_OBJC_WEAK = YES;
				CLANG_WARN_BLOCK_CAPTURE_AUTORELEASING = YES;
				CLANG_WARN_BOOL_CONVERSION = YES;
				CLANG_WARN_COMMA = YES;
				CLANG_WARN_CONSTANT_CONVERSION = YES;
				CLANG_WARN_DEPRECATED_OBJC_IMPLEMENTATIONS = YES;
				CLANG_WARN_DIRECT_OBJC_ISA_USAGE = YES_ERROR;
				CLANG_WARN_DOCUMENTATION_COMMENTS = YES;
				CLANG_WARN_EMPTY_BODY = YES;
				CLANG_WARN_ENUM_CONVERSION = YES;
				CLANG_WARN_INFINITE_RECURSION = YES;
				CLANG_WARN_INT_CONVERSION = YES;
				CLANG_WARN_NON_LITERAL_NULL_CONVERSION = YES;
				CLANG_WARN_OBJC_IMPLICIT_RETAIN_SELF = YES;
				CLANG_WARN_OBJC_LITERAL_CONVERSION = YES;
				CLANG_WARN_OBJC_ROOT_CLASS = YES_ERROR;
				CLANG_WARN_QUOTED_INCLUDE_IN_FRAMEWORK_HEADER = YES;
				CLANG_WARN_RANGE_LOOP_ANALYSIS = YES;
				CLANG_WARN_STRICT_PROTOTYPES = YES;
				CLANG_WARN_SUSPICIOUS_MOVE = YES;
				CLANG_WARN_UNGUARDED_AVAILABILITY = YES_AGGRESSIVE;
				CLANG_WARN_UNREACHABLE_CODE = YES;
				CLANG_WARN__DUPLICATE_METHOD_MATCH = YES;
				COPY_PHASE_STRIP = NO;
				DEBUG_INFORMATION_FORMAT = dwarf;
				ENABLE_STRICT_OBJC_MSGSEND = YES;
				ENABLE_TESTABILITY = YES;
				GCC_C_LANGUAGE_STANDARD = gnu11;
				GCC_DYNAMIC_NO_PIC = NO;
				GCC_NO_COMMON_BLOCKS = YES;
				GCC_OPTIMIZATION_LEVEL = 0;
				GCC_PREPROCESSOR_DEFINITIONS = (
					"DEBUG=1",
					"$(inherited)",
				);
				GCC_WARN_64_TO_32_BIT_CONVERSION = YES;
				GCC_WARN_ABOUT_RETURN_TYPE = YES_ERROR;
				GCC_WARN_UNDECLARED_SELECTOR = YES;
				GCC_WARN_UNINITIALIZED_AUTOS = YES_AGGRESSIVE;
				GCC_WARN_UNUSED_FUNCTION = YES;
				GCC_WARN_UNUSED_VARIABLE = YES;
				IPHONEOS_DEPLOYMENT_TARGET = 14.5;
				MTL_ENABLE_DEBUG_INFO = INCLUDE_SOURCE;
				MTL_FAST_MATH = YES;
				ONLY_ACTIVE_ARCH = YES;
				SDKROOT = iphoneos;
			};
			name = Debug;
		};
		713F484A2698466D00028EDB /* Release */ = {
			isa = XCBuildConfiguration;
			buildSettings = {
				ALWAYS_SEARCH_USER_PATHS = NO;
				CLANG_ANALYZER_NONNULL = YES;
				CLANG_ANALYZER_NUMBER_OBJECT_CONVERSION = YES_AGGRESSIVE;
				CLANG_CXX_LANGUAGE_STANDARD = "gnu++14";
				CLANG_CXX_LIBRARY = "libc++";
				CLANG_ENABLE_MODULES = YES;
				CLANG_ENABLE_OBJC_ARC = YES;
				CLANG_ENABLE_OBJC_WEAK = YES;
				CLANG_WARN_BLOCK_CAPTURE_AUTORELEASING = YES;
				CLANG_WARN_BOOL_CONVERSION = YES;
				CLANG_WARN_COMMA = YES;
				CLANG_WARN_CONSTANT_CONVERSION = YES;
				CLANG_WARN_DEPRECATED_OBJC_IMPLEMENTATIONS = YES;
				CLANG_WARN_DIRECT_OBJC_ISA_USAGE = YES_ERROR;
				CLANG_WARN_DOCUMENTATION_COMMENTS = YES;
				CLANG_WARN_EMPTY_BODY = YES;
				CLANG_WARN_ENUM_CONVERSION = YES;
				CLANG_WARN_INFINITE_RECURSION = YES;
				CLANG_WARN_INT_CONVERSION = YES;
				CLANG_WARN_NON_LITERAL_NULL_CONVERSION = YES;
				CLANG_WARN_OBJC_IMPLICIT_RETAIN_SELF = YES;
				CLANG_WARN_OBJC_LITERAL_CONVERSION = YES;
				CLANG_WARN_OBJC_ROOT_CLASS = YES_ERROR;
				CLANG_WARN_QUOTED_INCLUDE_IN_FRAMEWORK_HEADER = YES;
				CLANG_WARN_RANGE_LOOP_ANALYSIS = YES;
				CLANG_WARN_STRICT_PROTOTYPES = YES;
				CLANG_WARN_SUSPICIOUS_MOVE = YES;
				CLANG_WARN_UNGUARDED_AVAILABILITY = YES_AGGRESSIVE;
				CLANG_WARN_UNREACHABLE_CODE = YES;
				CLANG_WARN__DUPLICATE_METHOD_MATCH = YES;
				COPY_PHASE_STRIP = NO;
				DEBUG_INFORMATION_FORMAT = "dwarf-with-dsym";
				ENABLE_NS_ASSERTIONS = NO;
				ENABLE_STRICT_OBJC_MSGSEND = YES;
				GCC_C_LANGUAGE_STANDARD = gnu11;
				GCC_NO_COMMON_BLOCKS = YES;
				GCC_WARN_64_TO_32_BIT_CONVERSION = YES;
				GCC_WARN_ABOUT_RETURN_TYPE = YES_ERROR;
				GCC_WARN_UNDECLARED_SELECTOR = YES;
				GCC_WARN_UNINITIALIZED_AUTOS = YES_AGGRESSIVE;
				GCC_WARN_UNUSED_FUNCTION = YES;
				GCC_WARN_UNUSED_VARIABLE = YES;
				IPHONEOS_DEPLOYMENT_TARGET = 14.5;
				MTL_ENABLE_DEBUG_INFO = NO;
				MTL_FAST_MATH = YES;
				SDKROOT = iphoneos;
				VALIDATE_PRODUCT = YES;
			};
			name = Release;
		};
		713F484C2698466D00028EDB /* Debug */ = {
			isa = XCBuildConfiguration;
			baseConfigurationReference = 4D68C4814052D36108A35C38 /* Pods-OCSegmentSlider.debug.xcconfig */;
			buildSettings = {
				ASSETCATALOG_COMPILER_APPICON_NAME = AppIcon;
				ASSETCATALOG_COMPILER_GLOBAL_ACCENT_COLOR_NAME = AccentColor;
				CODE_SIGN_STYLE = Automatic;
				DEVELOPMENT_TEAM = 5Y5TL6Q6W9;
				INFOPLIST_FILE = OCSegmentSlider/Info.plist;
				IPHONEOS_DEPLOYMENT_TARGET = 11.0;
				LD_RUNPATH_SEARCH_PATHS = (
					"$(inherited)",
					"@executable_path/Frameworks",
				);
				PRODUCT_BUNDLE_IDENTIFIER = com.hundun.OCSegmentSlider;
				PRODUCT_NAME = "$(TARGET_NAME)";
				TARGETED_DEVICE_FAMILY = "1,2";
			};
			name = Debug;
		};
		713F484D2698466D00028EDB /* Release */ = {
			isa = XCBuildConfiguration;
			baseConfigurationReference = 831BF8883AA82AF7E8A6BA36 /* Pods-OCSegmentSlider.release.xcconfig */;
			buildSettings = {
				ASSETCATALOG_COMPILER_APPICON_NAME = AppIcon;
				ASSETCATALOG_COMPILER_GLOBAL_ACCENT_COLOR_NAME = AccentColor;
				CODE_SIGN_STYLE = Automatic;
				DEVELOPMENT_TEAM = 5Y5TL6Q6W9;
				INFOPLIST_FILE = OCSegmentSlider/Info.plist;
				IPHONEOS_DEPLOYMENT_TARGET = 11.0;
				LD_RUNPATH_SEARCH_PATHS = (
					"$(inherited)",
					"@executable_path/Frameworks",
				);
				PRODUCT_BUNDLE_IDENTIFIER = com.hundun.OCSegmentSlider;
				PRODUCT_NAME = "$(TARGET_NAME)";
				TARGETED_DEVICE_FAMILY = "1,2";
			};
			name = Release;
		};
/* End XCBuildConfiguration section */

/* Begin XCConfigurationList section */
		713F482D2698466B00028EDB /* Build configuration list for PBXProject "OCSegmentSlider" */ = {
			isa = XCConfigurationList;
			buildConfigurations = (
				713F48492698466D00028EDB /* Debug */,
				713F484A2698466D00028EDB /* Release */,
			);
			defaultConfigurationIsVisible = 0;
			defaultConfigurationName = Release;
		};
		713F484B2698466D00028EDB /* Build configuration list for PBXNativeTarget "OCSegmentSlider" */ = {
			isa = XCConfigurationList;
			buildConfigurations = (
				713F484C2698466D00028EDB /* Debug */,
				713F484D2698466D00028EDB /* Release */,
			);
			defaultConfigurationIsVisible = 0;
			defaultConfigurationName = Release;
		};
/* End XCConfigurationList section */
	};
	rootObject = 713F482A2698466B00028EDB /* Project object */;
}
